// !$*UTF8*$!
{
	archiveVersion = 1;
	classes = {
	};
	objectVersion = 56;
	objects = {

/* Begin PBXBuildFile section */
		F8F2CA9929AFAD9D005A9263 /* AppDelegate.swift in Sources */ = {isa = PBXBuildFile; fileRef = F8F2CA9829AFAD9D005A9263 /* AppDelegate.swift */; };
		F8F2CA9B29AFAD9D005A9263 /* SceneDelegate.swift in Sources */ = {isa = PBXBuildFile; fileRef = F8F2CA9A29AFAD9D005A9263 /* SceneDelegate.swift */; };
		F8F2CA9D29AFAD9D005A9263 /* ViewController.swift in Sources */ = {isa = PBXBuildFile; fileRef = F8F2CA9C29AFAD9D005A9263 /* ViewController.swift */; };
		F8F2CAA029AFAD9D005A9263 /* Main.storyboard in Resources */ = {isa = PBXBuildFile; fileRef = F8F2CA9E29AFAD9D005A9263 /* Main.storyboard */; };
		F8F2CAA229AFAD9E005A9263 /* Assets.xcassets in Resources */ = {isa = PBXBuildFile; fileRef = F8F2CAA129AFAD9E005A9263 /* Assets.xcassets */; };
		F8F2CAA529AFAD9E005A9263 /* LaunchScreen.storyboard in Resources */ = {isa = PBXBuildFile; fileRef = F8F2CAA329AFAD9E005A9263 /* LaunchScreen.storyboard */; };
		F8F2CACA29AFB81C005A9263 /* A.wav in Resources */ = {isa = PBXBuildFile; fileRef = F8F2CAC329AFB81C005A9263 /* A.wav */; };
		F8F2CACB29AFB81C005A9263 /* C.wav in Resources */ = {isa = PBXBuildFile; fileRef = F8F2CAC429AFB81C005A9263 /* C.wav */; };
		F8F2CACC29AFB81C005A9263 /* B.wav in Resources */ = {isa = PBXBuildFile; fileRef = F8F2CAC529AFB81C005A9263 /* B.wav */; };
		F8F2CACD29AFB81C005A9263 /* F.wav in Resources */ = {isa = PBXBuildFile; fileRef = F8F2CAC629AFB81C005A9263 /* F.wav */; };
		F8F2CACE29AFB81C005A9263 /* G.wav in Resources */ = {isa = PBXBuildFile; fileRef = F8F2CAC729AFB81C005A9263 /* G.wav */; };
		F8F2CACF29AFB81C005A9263 /* E.wav in Resources */ = {isa = PBXBuildFile; fileRef = F8F2CAC829AFB81C005A9263 /* E.wav */; };
		F8F2CAD029AFB81C005A9263 /* D.wav in Resources */ = {isa = PBXBuildFile; fileRef = F8F2CAC929AFB81C005A9263 /* D.wav */; };
/* End PBXBuildFile section */

/* Begin PBXFileReference section */
		F8F2CA9529AFAD9D005A9263 /* Xylophone.app */ = {isa = PBXFileReference; explicitFileType = wrapper.application; includeInIndex = 0; path = Xylophone.app; sourceTree = BUILT_PRODUCTS_DIR; };
		F8F2CA9829AFAD9D005A9263 /* AppDelegate.swift */ = {isa = PBXFileReference; lastKnownFileType = sourcecode.swift; path = AppDelegate.swift; sourceTree = "<group>"; };
		F8F2CA9A29AFAD9D005A9263 /* SceneDelegate.swift */ = {isa = PBXFileReference; lastKnownFileType = sourcecode.swift; path = SceneDelegate.swift; sourceTree = "<group>"; };
		F8F2CA9C29AFAD9D005A9263 /* ViewController.swift */ = {isa = PBXFileReference; lastKnownFileType = sourcecode.swift; path = ViewController.swift; sourceTree = "<group>"; };
		F8F2CA9F29AFAD9D005A9263 /* Base */ = {isa = PBXFileReference; lastKnownFileType = file.storyboard; name = Base; path = Base.lproj/Main.storyboard; sourceTree = "<group>"; };
		F8F2CAA129AFAD9E005A9263 /* Assets.xcassets */ = {isa = PBXFileReference; lastKnownFileType = folder.assetcatalog; path = Assets.xcassets; sourceTree = "<group>"; };
		F8F2CAA429AFAD9E005A9263 /* Base */ = {isa = PBXFileReference; lastKnownFileType = file.storyboard; name = Base; path = Base.lproj/LaunchScreen.storyboard; sourceTree = "<group>"; };
		F8F2CAA629AFAD9E005A9263 /* Info.plist */ = {isa = PBXFileReference; lastKnownFileType = text.plist.xml; path = Info.plist; sourceTree = "<group>"; };
		F8F2CAC329AFB81C005A9263 /* A.wav */ = {isa = PBXFileReference; lastKnownFileType = audio.wav; path = A.wav; sourceTree = "<group>"; };
		F8F2CAC429AFB81C005A9263 /* C.wav */ = {isa = PBXFileReference; lastKnownFileType = audio.wav; path = C.wav; sourceTree = "<group>"; };
		F8F2CAC529AFB81C005A9263 /* B.wav */ = {isa = PBXFileReference; lastKnownFileType = audio.wav; path = B.wav; sourceTree = "<group>"; };
		F8F2CAC629AFB81C005A9263 /* F.wav */ = {isa = PBXFileReference; lastKnownFileType = audio.wav; path = F.wav; sourceTree = "<group>"; };
		F8F2CAC729AFB81C005A9263 /* G.wav */ = {isa = PBXFileReference; lastKnownFileType = audio.wav; path = G.wav; sourceTree = "<group>"; };
		F8F2CAC829AFB81C005A9263 /* E.wav */ = {isa = PBXFileReference; lastKnownFileType = audio.wav; path = E.wav; sourceTree = "<group>"; };
		F8F2CAC929AFB81C005A9263 /* D.wav */ = {isa = PBXFileReference; lastKnownFileType = audio.wav; path = D.wav; sourceTree = "<group>"; };
/* End PBXFileReference section */

/* Begin PBXFrameworksBuildPhase section */
		F8F2CA9229AFAD9D005A9263 /* Frameworks */ = {
			isa = PBXFrameworksBuildPhase;
			buildActionMask = 2147483647;
			files = (
			);
			runOnlyForDeploymentPostprocessing = 0;
		};
/* End PBXFrameworksBuildPhase section */

/* Begin PBXGroup section */
		F8F2CA8C29AFAD9D005A9263 = {
			isa = PBXGroup;
			children = (
				F8F2CA9729AFAD9D005A9263 /* Xylophone */,
				F8F2CA9629AFAD9D005A9263 /* Products */,
			);
			sourceTree = "<group>";
		};
		F8F2CA9629AFAD9D005A9263 /* Products */ = {
			isa = PBXGroup;
			children = (
				F8F2CA9529AFAD9D005A9263 /* Xylophone.app */,
			);
			name = Products;
			sourceTree = "<group>";
		};
		F8F2CA9729AFAD9D005A9263 /* Xylophone */ = {
			isa = PBXGroup;
			children = (
				F8F2CA9829AFAD9D005A9263 /* AppDelegate.swift */,
				F8F2CA9A29AFAD9D005A9263 /* SceneDelegate.swift */,
				F8F2CA9C29AFAD9D005A9263 /* ViewController.swift */,
				F8F2CA9E29AFAD9D005A9263 /* Main.storyboard */,
				F8F2CAA129AFAD9E005A9263 /* Assets.xcassets */,
				F8F2CAA329AFAD9E005A9263 /* LaunchScreen.storyboard */,
				F8F2CAA629AFAD9E005A9263 /* Info.plist */,
				F8F2CAC229AFB81C005A9263 /* Sounds */,
			);
			path = Xylophone;
			sourceTree = "<group>";
		};
		F8F2CAC229AFB81C005A9263 /* Sounds */ = {
			isa = PBXGroup;
			children = (
				F8F2CAC329AFB81C005A9263 /* A.wav */,
				F8F2CAC429AFB81C005A9263 /* C.wav */,
				F8F2CAC529AFB81C005A9263 /* B.wav */,
				F8F2CAC629AFB81C005A9263 /* F.wav */,
				F8F2CAC729AFB81C005A9263 /* G.wav */,
				F8F2CAC829AFB81C005A9263 /* E.wav */,
				F8F2CAC929AFB81C005A9263 /* D.wav */,
			);
			path = Sounds;
			sourceTree = "<group>";
		};
/* End PBXGroup section */

/* Begin PBXNativeTarget section */
		F8F2CA9429AFAD9D005A9263 /* Xylophone */ = {
			isa = PBXNativeTarget;
			buildConfigurationList = F8F2CAA929AFAD9E005A9263 /* Build configuration list for PBXNativeTarget "Xylophone" */;
			buildPhases = (
				F8F2CA9129AFAD9D005A9263 /* Sources */,
				F8F2CA9229AFAD9D005A9263 /* Frameworks */,
				F8F2CA9329AFAD9D005A9263 /* Resources */,
			);
			buildRules = (
			);
			dependencies = (
			);
			name = Xylophone;
			productName = Xylophone;
			productReference = F8F2CA9529AFAD9D005A9263 /* Xylophone.app */;
			productType = "com.apple.product-type.application";
		};
/* End PBXNativeTarget section */

/* Begin PBXProject section */
		F8F2CA8D29AFAD9D005A9263 /* Project object */ = {
			isa = PBXProject;
			attributes = {
				BuildIndependentTargetsInParallel = 1;
				LastSwiftUpdateCheck = 1420;
				LastUpgradeCheck = 1420;
				TargetAttributes = {
					F8F2CA9429AFAD9D005A9263 = {
						CreatedOnToolsVersion = 14.2;
					};
				};
			};
			buildConfigurationList = F8F2CA9029AFAD9D005A9263 /* Build configuration list for PBXProject "Xylophone" */;
			compatibilityVersion = "Xcode 14.0";
			developmentRegion = en;
			hasScannedForEncodings = 0;
			knownRegions = (
				en,
				Base,
			);
			mainGroup = F8F2CA8C29AFAD9D005A9263;
			productRefGroup = F8F2CA9629AFAD9D005A9263 /* Products */;
			projectDirPath = "";
			projectRoot = "";
			targets = (
				F8F2CA9429AFAD9D005A9263 /* Xylophone */,
			);
		};
/* End PBXProject section */

/* Begin PBXResourcesBuildPhase section */
		F8F2CA9329AFAD9D005A9263 /* Resources */ = {
			isa = PBXResourcesBuildPhase;
			buildActionMask = 2147483647;
			files = (
				F8F2CACE29AFB81C005A9263 /* G.wav in Resources */,
				F8F2CAA529AFAD9E005A9263 /* LaunchScreen.storyboard in Resources */,
				F8F2CACD29AFB81C005A9263 /* F.wav in Resources */,
				F8F2CAA229AFAD9E005A9263 /* Assets.xcassets in Resources */,
				F8F2CACA29AFB81C005A9263 /* A.wav in Resources */,
				F8F2CACC29AFB81C005A9263 /* B.wav in Resources */,
				F8F2CACF29AFB81C005A9263 /* E.wav in Resources */,
				F8F2CAD029AFB81C005A9263 /* D.wav in Resources */,
				F8F2CAA029AFAD9D005A9263 /* Main.storyboard in Resources */,
				F8F2CACB29AFB81C005A9263 /* C.wav in Resources */,
			);
			runOnlyForDeploymentPostprocessing = 0;
		};
/* End PBXResourcesBuildPhase section */

/* Begin PBXSourcesBuildPhase section */
		F8F2CA9129AFAD9D005A9263 /* Sources */ = {
			isa = PBXSourcesBuildPhase;
			buildActionMask = 2147483647;
			files = (
				F8F2CA9D29AFAD9D005A9263 /* ViewController.swift in Sources */,
				F8F2CA9929AFAD9D005A9263 /* AppDelegate.swift in Sources */,
				F8F2CA9B29AFAD9D005A9263 /* SceneDelegate.swift in Sources */,
			);
			runOnlyForDeploymentPostprocessing = 0;
		};
/* End PBXSourcesBuildPhase section */

/* Begin PBXVariantGroup section */
		F8F2CA9E29AFAD9D005A9263 /* Main.storyboard */ = {
			isa = PBXVariantGroup;
			children = (
				F8F2CA9F29AFAD9D005A9263 /* Base */,
			);
			name = Main.storyboard;
			sourceTree = "<group>";
		};
		F8F2CAA329AFAD9E005A9263 /* LaunchScreen.storyboard */ = {
			isa = PBXVariantGroup;
			children = (
				F8F2CAA429AFAD9E005A9263 /* Base */,
			);
			name = LaunchScreen.storyboard;
			sourceTree = "<group>";
		};
/* End PBXVariantGroup section */

/* Begin XCBuildConfiguration section */
		F8F2CAA729AFAD9E005A9263 /* Debug */ = {
			isa = XCBuildConfiguration;
			buildSettings = {
				ALWAYS_SEARCH_USER_PATHS = NO;
				CLANG_ANALYZER_NONNULL = YES;
				CLANG_ANALYZER_NUMBER_OBJECT_CONVERSION = YES_AGGRESSIVE;
				CLANG_CXX_LANGUAGE_STANDARD = "gnu++20";
				CLANG_ENABLE_MODULES = YES;
				CLANG_ENABLE_OBJC_ARC = YES;
				CLANG_ENABLE_OBJC_WEAK = YES;
				CLANG_WARN_BLOCK_CAPTURE_AUTORELEASING = YES;
				CLANG_WARN_BOOL_CONVERSION = YES;
				CLANG_WARN_COMMA = YES;
				CLANG_WARN_CONSTANT_CONVERSION = YES;
				CLANG_WARN_DEPRECATED_OBJC_IMPLEMENTATIONS = YES;
				CLANG_WARN_DIRECT_OBJC_ISA_USAGE = YES_ERROR;
				CLANG_WARN_DOCUMENTATION_COMMENTS = YES;
				CLANG_WARN_EMPTY_BODY = YES;
				CLANG_WARN_ENUM_CONVERSION = YES;
				CLANG_WARN_INFINITE_RECURSION = YES;
				CLANG_WARN_INT_CONVERSION = YES;
				CLANG_WARN_NON_LITERAL_NULL_CONVERSION = YES;
				CLANG_WARN_OBJC_IMPLICIT_RETAIN_SELF = YES;
				CLANG_WARN_OBJC_LITERAL_CONVERSION = YES;
				CLANG_WARN_OBJC_ROOT_CLASS = YES_ERROR;
				CLANG_WARN_QUOTED_INCLUDE_IN_FRAMEWORK_HEADER = YES;
				CLANG_WARN_RANGE_LOOP_ANALYSIS = YES;
				CLANG_WARN_STRICT_PROTOTYPES = YES;
				CLANG_WARN_SUSPICIOUS_MOVE = YES;
				CLANG_WARN_UNGUARDED_AVAILABILITY = YES_AGGRESSIVE;
				CLANG_WARN_UNREACHABLE_CODE = YES;
				CLANG_WARN__DUPLICATE_METHOD_MATCH = YES;
				COPY_PHASE_STRIP = NO;
				DEBUG_INFORMATION_FORMAT = dwarf;
				ENABLE_STRICT_OBJC_MSGSEND = YES;
				ENABLE_TESTABILITY = YES;
				GCC_C_LANGUAGE_STANDARD = gnu11;
				GCC_DYNAMIC_NO_PIC = NO;
				GCC_NO_COMMON_BLOCKS = YES;
				GCC_OPTIMIZATION_LEVEL = 0;
				GCC_PREPROCESSOR_DEFINITIONS = (
					"DEBUG=1",
					"$(inherited)",
				);
				GCC_WARN_64_TO_32_BIT_CONVERSION = YES;
				GCC_WARN_ABOUT_RETURN_TYPE = YES_ERROR;
				GCC_WARN_UNDECLARED_SELECTOR = YES;
				GCC_WARN_UNINITIALIZED_AUTOS = YES_AGGRESSIVE;
				GCC_WARN_UNUSED_FUNCTION = YES;
				GCC_WARN_UNUSED_VARIABLE = YES;
				IPHONEOS_DEPLOYMENT_TARGET = 16.2;
				MTL_ENABLE_DEBUG_INFO = INCLUDE_SOURCE;
				MTL_FAST_MATH = YES;
				ONLY_ACTIVE_ARCH = YES;
				SDKROOT = iphoneos;
				SWIFT_ACTIVE_COMPILATION_CONDITIONS = DEBUG;
				SWIFT_OPTIMIZATION_LEVEL = "-Onone";
			};
			name = Debug;
		};
		F8F2CAA829AFAD9E005A9263 /* Release */ = {
			isa = XCBuildConfiguration;
			buildSettings = {
				ALWAYS_SEARCH_USER_PATHS = NO;
				CLANG_ANALYZER_NONNULL = YES;
				CLANG_ANALYZER_NUMBER_OBJECT_CONVERSION = YES_AGGRESSIVE;
				CLANG_CXX_LANGUAGE_STANDARD = "gnu++20";
				CLANG_ENABLE_MODULES = YES;
				CLANG_ENABLE_OBJC_ARC = YES;
				CLANG_ENABLE_OBJC_WEAK = YES;
				CLANG_WARN_BLOCK_CAPTURE_AUTORELEASING = YES;
				CLANG_WARN_BOOL_CONVERSION = YES;
				CLANG_WARN_COMMA = YES;
				CLANG_WARN_CONSTANT_CONVERSION = YES;
				CLANG_WARN_DEPRECATED_OBJC_IMPLEMENTATIONS = YES;
				CLANG_WARN_DIRECT_OBJC_ISA_USAGE = YES_ERROR;
				CLANG_WARN_DOCUMENTATION_COMMENTS = YES;
				CLANG_WARN_EMPTY_BODY = YES;
				CLANG_WARN_ENUM_CONVERSION = YES;
				CLANG_WARN_INFINITE_RECURSION = YES;
				CLANG_WARN_INT_CONVERSION = YES;
				CLANG_WARN_NON_LITERAL_NULL_CONVERSION = YES;
				CLANG_WARN_OBJC_IMPLICIT_RETAIN_SELF = YES;
				CLANG_WARN_OBJC_LITERAL_CONVERSION = YES;
				CLANG_WARN_OBJC_ROOT_CLASS = YES_ERROR;
				CLANG_WARN_QUOTED_INCLUDE_IN_FRAMEWORK_HEADER = YES;
				CLANG_WARN_RANGE_LOOP_ANALYSIS = YES;
				CLANG_WARN_STRICT_PROTOTYPES = YES;
				CLANG_WARN_SUSPICIOUS_MOVE = YES;
				CLANG_WARN_UNGUARDED_AVAILABILITY = YES_AGGRESSIVE;
				CLANG_WARN_UNREACHABLE_CODE = YES;
				CLANG_WARN__DUPLICATE_METHOD_MATCH = YES;
				COPY_PHASE_STRIP = NO;
				DEBUG_INFORMATION_FORMAT = "dwarf-with-dsym";
				ENABLE_NS_ASSERTIONS = NO;
				ENABLE_STRICT_OBJC_MSGSEND = YES;
				GCC_C_LANGUAGE_STANDARD = gnu11;
				GCC_NO_COMMON_BLOCKS = YES;
				GCC_WARN_64_TO_32_BIT_CONVERSION = YES;
				GCC_WARN_ABOUT_RETURN_TYPE = YES_ERROR;
				GCC_WARN_UNDECLARED_SELECTOR = YES;
				GCC_WARN_UNINITIALIZED_AUTOS = YES_AGGRESSIVE;
				GCC_WARN_UNUSED_FUNCTION = YES;
				GCC_WARN_UNUSED_VARIABLE = YES;
				IPHONEOS_DEPLOYMENT_TARGET = 16.2;
				MTL_ENABLE_DEBUG_INFO = NO;
				MTL_FAST_MATH = YES;
				SDKROOT = iphoneos;
				SWIFT_COMPILATION_MODE = wholemodule;
				SWIFT_OPTIMIZATION_LEVEL = "-O";
				VALIDATE_PRODUCT = YES;
			};
			name = Release;
		};
		F8F2CAAA29AFAD9E005A9263 /* Debug */ = {
			isa = XCBuildConfiguration;
			buildSettings = {
				ASSETCATALOG_COMPILER_APPICON_NAME = AppIcon;
				ASSETCATALOG_COMPILER_GLOBAL_ACCENT_COLOR_NAME = AccentColor;
				CODE_SIGN_STYLE = Automatic;
				CURRENT_PROJECT_VERSION = 1;
				GENERATE_INFOPLIST_FILE = YES;
				INFOPLIST_FILE = Xylophone/Info.plist;
				INFOPLIST_KEY_UIApplicationSupportsIndirectInputEvents = YES;
				INFOPLIST_KEY_UILaunchStoryboardName = LaunchScreen;
				INFOPLIST_KEY_UIMainStoryboardFile = Main;
				INFOPLIST_KEY_UISupportedInterfaceOrientations_iPad = "UIInterfaceOrientationPortrait UIInterfaceOrientationPortraitUpsideDown UIInterfaceOrientationLandscapeLeft UIInterfaceOrientationLandscapeRight";
				INFOPLIST_KEY_UISupportedInterfaceOrientations_iPhone = "UIInterfaceOrientationPortrait UIInterfaceOrientationLandscapeLeft UIInterfaceOrientationLandscapeRight";
				LD_RUNPATH_SEARCH_PATHS = (
					"$(inherited)",
					"@executable_path/Frameworks",
				);
				MARKETING_VERSION = 1.0;
				PRODUCT_BUNDLE_IDENTIFIER = com.thanachok.Xylophone;
				PRODUCT_NAME = "$(TARGET_NAME)";
				SWIFT_EMIT_LOC_STRINGS = YES;
				SWIFT_VERSION = 5.0;
				TARGETED_DEVICE_FAMILY = "1,2";
			};
			name = Debug;
		};
		F8F2CAAB29AFAD9E005A9263 /* Release */ = {
			isa = XCBuildConfiguration;
			buildSettings = {
				ASSETCATALOG_COMPILER_APPICON_NAME = AppIcon;
				ASSETCATALOG_COMPILER_GLOBAL_ACCENT_COLOR_NAME = AccentColor;
				CODE_SIGN_STYLE = Automatic;
				CURRENT_PROJECT_VERSION = 1;
				GENERATE_INFOPLIST_FILE = YES;
				INFOPLIST_FILE = Xylophone/Info.plist;
				INFOPLIST_KEY_UIApplicationSupportsIndirectInputEvents = YES;
				INFOPLIST_KEY_UILaunchStoryboardName = LaunchScreen;
				INFOPLIST_KEY_UIMainStoryboardFile = Main;
				INFOPLIST_KEY_UISupportedInterfaceOrientations_iPad = "UIInterfaceOrientationPortrait UIInterfaceOrientationPortraitUpsideDown UIInterfaceOrientationLandscapeLeft UIInterfaceOrientationLandscapeRight";
				INFOPLIST_KEY_UISupportedInterfaceOrientations_iPhone = "UIInterfaceOrientationPortrait UIInterfaceOrientationLandscapeLeft UIInterfaceOrientationLandscapeRight";
				LD_RUNPATH_SEARCH_PATHS = (
					"$(inherited)",
					"@executable_path/Frameworks",
				);
				MARKETING_VERSION = 1.0;
				PRODUCT_BUNDLE_IDENTIFIER = com.thanachok.Xylophone;
				PRODUCT_NAME = "$(TARGET_NAME)";
				SWIFT_EMIT_LOC_STRINGS = YES;
				SWIFT_VERSION = 5.0;
				TARGETED_DEVICE_FAMILY = "1,2";
			};
			name = Release;
		};
/* End XCBuildConfiguration section */

/* Begin XCConfigurationList section */
		F8F2CA9029AFAD9D005A9263 /* Build configuration list for PBXProject "Xylophone" */ = {
			isa = XCConfigurationList;
			buildConfigurations = (
				F8F2CAA729AFAD9E005A9263 /* Debug */,
				F8F2CAA829AFAD9E005A9263 /* Release */,
			);
			defaultConfigurationIsVisible = 0;
			defaultConfigurationName = Release;
		};
		F8F2CAA929AFAD9E005A9263 /* Build configuration list for PBXNativeTarget "Xylophone" */ = {
			isa = XCConfigurationList;
			buildConfigurations = (
				F8F2CAAA29AFAD9E005A9263 /* Debug */,
				F8F2CAAB29AFAD9E005A9263 /* Release */,
			);
			defaultConfigurationIsVisible = 0;
			defaultConfigurationName = Release;
		};
/* End XCConfigurationList section */
	};
	rootObject = F8F2CA8D29AFAD9D005A9263 /* Project object */;
}
